
Microsoft Visual Studio Solution File, Format Version 12.00
# Visual Studio Version 16
VisualStudioVersion = 16.0.34931.43
MinimumVisualStudioVersion = 10.0.40219.1
Project("{FAE04EC0-301F-11D3-BF4B-00C04F79EFBC}") = "ConsoleApp16", "ConsoleApp16.csproj", "{445DF3EF-B86E-48CC-A680-4A623D37AE84}"
EndProject
Global
	GlobalSection(SolutionConfigurationPlatforms) = preSolution
		Debug|Any CPU = Debug|Any CPU
		Release|Any CPU = Release|Any CPU
	EndGlobalSection
	GlobalSection(ProjectConfigurationPlatforms) = postSolution
		{445DF3EF-B86E-48CC-A680-4A623D37AE84}.Debug|Any CPU.ActiveCfg = Debug|Any CPU
		{445DF3EF-B86E-48CC-A680-4A623D37AE84}.Debug|Any CPU.Build.0 = Debug|Any CPU
		{445DF3EF-B86E-48CC-A680-4A623D37AE84}.Release|Any CPU.ActiveCfg = Release|Any CPU
		{445DF3EF-B86E-48CC-A680-4A623D37AE84}.Release|Any CPU.Build.0 = Release|Any CPU
	EndGlobalSection
	GlobalSection(SolutionProperties) = preSolution
		HideSolutionNode = FALSE
	EndGlobalSection
	GlobalSection(ExtensibilityGlobals) = postSolution
		SolutionGuid = {56B5201E-8802-422F-A5D1-1D63D02FF8F6}
	EndGlobalSection
EndGlobal
